{
  "requires": true,
  "lockfileVersion": 1,
  "dependencies": {
    "lottie-web": {
      "version": "5.4.3",
      "resolved": "https://registry.npmjs.org/lottie-web/-/lottie-web-5.4.3.tgz",
      "integrity": "sha512-/3e1Rb0aBfV7u/s6oS6ZqBQnY56FL0gcSIdPVlWfJk+Ik/2WrEpGHgzL9QRV126GJtGUw4bwbjeb2c93QeqS7g=="
    }
  }
}
